hash: ed445985cbbcc7dd244c23a1040f11aa5a0006fad79ae31a79d8ba0f216d09d2
updated: 2017-04-26T00:31:12.319781119+09:00
imports:
- name: github.com/buaazp/fasthttprouter
  version: ade4e2031af3aed7fffd241084aad80a58faf421
- name: github.com/fsnotify/fsnotify
  version: 4da3e2cfbabc9f751898f250b49f2439785783a1
- name: github.com/go-kit/kit
  version: fadad6fffe0466b19df9efd9acde5c9a52df5fa4
  subpackages:
  - log
- name: github.com/go-logfmt/logfmt
  version: 390ab7935ee28ec6b286364bba9b4dd6410cb3d5
- name: github.com/go-sql-driver/mysql
  version: a0583e0143b1624142adab07e0e97fe106d99561
- name: github.com/go-stack/stack
  version: 100eb0c0a9c5b306ca2fb4f165df21d80ada4b82
- name: github.com/hashicorp/hcl
  version: 630949a3c5fa3c613328e1b8256052cbc2327c9b
  subpackages:
  - hcl/ast
  - hcl/parser
  - hcl/scanner
  - hcl/strconv
  - hcl/token
  - json/parser
  - json/scanner
  - json/token
- name: github.com/hoisie/mustache
  version: 6dfe7cd5e765063d31ecdfcda4c6568d7cdd39b6
- name: github.com/inconshreveable/mousetrap
  version: 76626ae9c91c4f2a10f34cad8ce83ea42c93bb75
- name: github.com/jinzhu/gorm
  version: 5174cc5c242a728b435ea2be8a2f7f998e15429b
- name: github.com/jinzhu/inflection
  version: 74387dc39a75e970e7a3ae6a3386b5bd2e5c5cff
- name: github.com/justinas/alice
  version: 052b8b6c18edb9db317af86806d8e00ebaa94160
- name: github.com/klauspost/compress
  version: e3b7981a12dd3cab49afa1d3a50e715846f23732
  subpackages:
  - flate
  - gzip
  - zlib
- name: github.com/klauspost/cpuid
  version: 09cded8978dc9e80714c4d85b0322337b0a1e5e0
- name: github.com/klauspost/crc32
  version: cb6bfca970f6908083f26f39a79009d608efd5cd
- name: github.com/KoganezawaRyouta/uppercut
  version: 7d9eee3df87cc6b36783dacea0814900a8527be9
- name: github.com/kr/logfmt
  version: b84e30acd515aadc4b783ad4ff83aff3299bdfe0
- name: github.com/labstack/echo
  version: 948d607539e92f3974d8f24951c8975d7342e24a
- name: github.com/labstack/gommon
  version: 9298d710c664bcd21c454120f63a00fb7d484458
  subpackages:
  - color
  - log
- name: github.com/magiconair/properties
  version: 51463bfca2576e06c62a8504b5c0f06d61312647
- name: github.com/mattn/go-colorable
  version: ded68f7a9561c023e790de24279db7ebf473ea80
- name: github.com/mattn/go-isatty
  version: fc9e8d8ef48496124e79ae0df75490096eccf6fe
- name: github.com/mitchellh/go-ps
  version: 4fdf99ab29366514c69ccccddab5dc58b8d84062
- name: github.com/mitchellh/mapstructure
  version: 53818660ed4955e899c0bcafa97299a388bd7c8e
- name: github.com/pelletier/go-buffruneio
  version: c37440a7cf42ac63b919c752ca73a85067e05992
- name: github.com/pelletier/go-toml
  version: fe206efb84b2bc8e8cfafe6b4c1826622be969e3
- name: github.com/spf13/afero
  version: 9be650865eab0c12963d8753212f4f9c66cdcf12
  subpackages:
  - mem
- name: github.com/spf13/cast
  version: ce135a4ebeee6cfe9a26c93ee0d37825f26113c7
- name: github.com/spf13/cobra
  version: 7aeaa2cce6ae7e18d2a6ee597b60ee137e999bd9
  subpackages:
  - cobra
- name: github.com/spf13/jwalterweatherman
  version: fa7ca7e836cf3a8bb4ebf799f472c12d7e903d66
- name: github.com/spf13/pflag
  version: 9a906f17374922ed0f74e1b2f593d3723f2ffb00
- name: github.com/spf13/viper
  version: 84f94806c67f59dd7ae87bc5351f7a9c94a4558d
- name: github.com/valyala/bytebufferpool
  version: e746df99fe4a3986f4d4f79e13c1e0117ce9c2f7
- name: github.com/valyala/fasthttp
  version: d42167fd04f636e20b005e9934159e95454233c7
  subpackages:
  - fasthttputil
- name: github.com/valyala/fasttemplate
  version: dcecefd839c4193db0d35b88ec65b4c12d360ab0
- name: golang.org/x/crypto
  version: 3543873453996aaab2fc6b3928a35fc5ca2b5afb
  subpackages:
  - acme
  - acme/autocert
- name: golang.org/x/sys
  version: f3918c30c5c2cb527c0b071a27c35120a6c0719a
  subpackages:
  - unix
- name: golang.org/x/text
  version: f4b4367115ec2de254587813edaa901bc1c723a8
  subpackages:
  - transform
  - unicode/norm
- name: gopkg.in/yaml.v2
  version: a5b47d31c556af34a302ce5d659e6fea44d90de0
testImports: []
